// !$*UTF8*$!
{
	archiveVersion = 1;
	classes = {
	};
	objectVersion = 56;
	objects = {

/* Begin PBXBuildFile section */
		4726EBE528D957FC009FAB29 /* UI_672App.swift in Sources */ = {isa = PBXBuildFile; fileRef = 4726EBE428D957FC009FAB29 /* UI_672App.swift */; };
		4726EBE728D957FC009FAB29 /* ContentView.swift in Sources */ = {isa = PBXBuildFile; fileRef = 4726EBE628D957FC009FAB29 /* ContentView.swift */; };
		4726EBE928D957FC009FAB29 /* Assets.xcassets in Resources */ = {isa = PBXBuildFile; fileRef = 4726EBE828D957FC009FAB29 /* Assets.xcassets */; };
		4726EBEC28D957FC009FAB29 /* Preview Assets.xcassets in Resources */ = {isa = PBXBuildFile; fileRef = 4726EBEB28D957FC009FAB29 /* Preview Assets.xcassets */; };
		4726EBF628D957FD009FAB29 /* UI_672Tests.swift in Sources */ = {isa = PBXBuildFile; fileRef = 4726EBF528D957FD009FAB29 /* UI_672Tests.swift */; };
		4726EC0028D957FD009FAB29 /* UI_672UITests.swift in Sources */ = {isa = PBXBuildFile; fileRef = 4726EBFF28D957FD009FAB29 /* UI_672UITests.swift */; };
		4726EC0228D957FD009FAB29 /* UI_672UITestsLaunchTests.swift in Sources */ = {isa = PBXBuildFile; fileRef = 4726EC0128D957FD009FAB29 /* UI_672UITestsLaunchTests.swift */; };
		4726EC1028D9581F009FAB29 /* CustomShape.swift in Sources */ = {isa = PBXBuildFile; fileRef = 4726EC0F28D9581F009FAB29 /* CustomShape.swift */; };
		4726EC1328D95843009FAB29 /* Home.swift in Sources */ = {isa = PBXBuildFile; fileRef = 4726EC1228D95843009FAB29 /* Home.swift */; };
/* End PBXBuildFile section */

/* Begin PBXContainerItemProxy section */
		4726EBF228D957FD009FAB29 /* PBXContainerItemProxy */ = {
			isa = PBXContainerItemProxy;
			containerPortal = 4726EBD928D957FC009FAB29 /* Project object */;
			proxyType = 1;
			remoteGlobalIDString = 4726EBE028D957FC009FAB29;
			remoteInfo = "UI-672";
		};
		4726EBFC28D957FD009FAB29 /* PBXContainerItemProxy */ = {
			isa = PBXContainerItemProxy;
			containerPortal = 4726EBD928D957FC009FAB29 /* Project object */;
			proxyType = 1;
			remoteGlobalIDString = 4726EBE028D957FC009FAB29;
			remoteInfo = "UI-672";
		};
/* End PBXContainerItemProxy section */

/* Begin PBXFileReference section */
		4726EBE128D957FC009FAB29 /* UI-672.app */ = {isa = PBXFileReference; explicitFileType = wrapper.application; includeInIndex = 0; path = "UI-672.app"; sourceTree = BUILT_PRODUCTS_DIR; };
		4726EBE428D957FC009FAB29 /* UI_672App.swift */ = {isa = PBXFileReference; lastKnownFileType = sourcecode.swift; path = UI_672App.swift; sourceTree = "<group>"; };
		4726EBE628D957FC009FAB29 /* ContentView.swift */ = {isa = PBXFileReference; lastKnownFileType = sourcecode.swift; path = ContentView.swift; sourceTree = "<group>"; };
		4726EBE828D957FC009FAB29 /* Assets.xcassets */ = {isa = PBXFileReference; lastKnownFileType = folder.assetcatalog; path = Assets.xcassets; sourceTree = "<group>"; };
		4726EBEB28D957FC009FAB29 /* Preview Assets.xcassets */ = {isa = PBXFileReference; lastKnownFileType = folder.assetcatalog; path = "Preview Assets.xcassets"; sourceTree = "<group>"; };
		4726EBF128D957FD009FAB29 /* UI-672Tests.xctest */ = {isa = PBXFileReference; explicitFileType = wrapper.cfbundle; includeInIndex = 0; path = "UI-672Tests.xctest"; sourceTree = BUILT_PRODUCTS_DIR; };
		4726EBF528D957FD009FAB29 /* UI_672Tests.swift */ = {isa = PBXFileReference; lastKnownFileType = sourcecode.swift; path = UI_672Tests.swift; sourceTree = "<group>"; };
		4726EBFB28D957FD009FAB29 /* UI-672UITests.xctest */ = {isa = PBXFileReference; explicitFileType = wrapper.cfbundle; includeInIndex = 0; path = "UI-672UITests.xctest"; sourceTree = BUILT_PRODUCTS_DIR; };
		4726EBFF28D957FD009FAB29 /* UI_672UITests.swift */ = {isa = PBXFileReference; lastKnownFileType = sourcecode.swift; path = UI_672UITests.swift; sourceTree = "<group>"; };
		4726EC0128D957FD009FAB29 /* UI_672UITestsLaunchTests.swift */ = {isa = PBXFileReference; lastKnownFileType = sourcecode.swift; path = UI_672UITestsLaunchTests.swift; sourceTree = "<group>"; };
		4726EC0F28D9581F009FAB29 /* CustomShape.swift */ = {isa = PBXFileReference; lastKnownFileType = sourcecode.swift; path = CustomShape.swift; sourceTree = "<group>"; };
		4726EC1228D95843009FAB29 /* Home.swift */ = {isa = PBXFileReference; lastKnownFileType = sourcecode.swift; path = Home.swift; sourceTree = "<group>"; };
/* End PBXFileReference section */

/* Begin PBXFrameworksBuildPhase section */
		4726EBDE28D957FC009FAB29 /* Frameworks */ = {
			isa = PBXFrameworksBuildPhase;
			buildActionMask = 2147483647;
			files = (
			);
			runOnlyForDeploymentPostprocessing = 0;
		};
		4726EBEE28D957FD009FAB29 /* Frameworks */ = {
			isa = PBXFrameworksBuildPhase;
			buildActionMask = 2147483647;
			files = (
			);
			runOnlyForDeploymentPostprocessing = 0;
		};
		4726EBF828D957FD009FAB29 /* Frameworks */ = {
			isa = PBXFrameworksBuildPhase;
			buildActionMask = 2147483647;
			files = (
			);
			runOnlyForDeploymentPostprocessing = 0;
		};
/* End PBXFrameworksBuildPhase section */

/* Begin PBXGroup section */
		4726EBD828D957FC009FAB29 = {
			isa = PBXGroup;
			children = (
				4726EBE328D957FC009FAB29 /* UI-672 */,
				4726EBF428D957FD009FAB29 /* UI-672Tests */,
				4726EBFE28D957FD009FAB29 /* UI-672UITests */,
				4726EBE228D957FC009FAB29 /* Products */,
			);
			sourceTree = "<group>";
		};
		4726EBE228D957FC009FAB29 /* Products */ = {
			isa = PBXGroup;
			children = (
				4726EBE128D957FC009FAB29 /* UI-672.app */,
				4726EBF128D957FD009FAB29 /* UI-672Tests.xctest */,
				4726EBFB28D957FD009FAB29 /* UI-672UITests.xctest */,
			);
			name = Products;
			sourceTree = "<group>";
		};
		4726EBE328D957FC009FAB29 /* UI-672 */ = {
			isa = PBXGroup;
			children = (
				4726EC1128D9583E009FAB29 /* View */,
				4726EC0E28D95812009FAB29 /* Model */,
				4726EBE428D957FC009FAB29 /* UI_672App.swift */,
				4726EBE628D957FC009FAB29 /* ContentView.swift */,
				4726EBE828D957FC009FAB29 /* Assets.xcassets */,
				4726EBEA28D957FC009FAB29 /* Preview Content */,
			);
			path = "UI-672";
			sourceTree = "<group>";
		};
		4726EBEA28D957FC009FAB29 /* Preview Content */ = {
			isa = PBXGroup;
			children = (
				4726EBEB28D957FC009FAB29 /* Preview Assets.xcassets */,
			);
			path = "Preview Content";
			sourceTree = "<group>";
		};
		4726EBF428D957FD009FAB29 /* UI-672Tests */ = {
			isa = PBXGroup;
			children = (
				4726EBF528D957FD009FAB29 /* UI_672Tests.swift */,
			);
			path = "UI-672Tests";
			sourceTree = "<group>";
		};
		4726EBFE28D957FD009FAB29 /* UI-672UITests */ = {
			isa = PBXGroup;
			children = (
				4726EBFF28D957FD009FAB29 /* UI_672UITests.swift */,
				4726EC0128D957FD009FAB29 /* UI_672UITestsLaunchTests.swift */,
			);
			path = "UI-672UITests";
			sourceTree = "<group>";
		};
		4726EC0E28D95812009FAB29 /* Model */ = {
			isa = PBXGroup;
			children = (
				4726EC0F28D9581F009FAB29 /* CustomShape.swift */,
			);
			path = Model;
			sourceTree = "<group>";
		};
		4726EC1128D9583E009FAB29 /* View */ = {
			isa = PBXGroup;
			children = (
				4726EC1228D95843009FAB29 /* Home.swift */,
			);
			path = View;
			sourceTree = "<group>";
		};
/* End PBXGroup section */

/* Begin PBXNativeTarget section */
		4726EBE028D957FC009FAB29 /* UI-672 */ = {
			isa = PBXNativeTarget;
			buildConfigurationList = 4726EC0528D957FD009FAB29 /* Build configuration list for PBXNativeTarget "UI-672" */;
			buildPhases = (
				4726EBDD28D957FC009FAB29 /* Sources */,
				4726EBDE28D957FC009FAB29 /* Frameworks */,
				4726EBDF28D957FC009FAB29 /* Resources */,
			);
			buildRules = (
			);
			dependencies = (
			);
			name = "UI-672";
			productName = "UI-672";
			productReference = 4726EBE128D957FC009FAB29 /* UI-672.app */;
			productType = "com.apple.product-type.application";
		};
		4726EBF028D957FD009FAB29 /* UI-672Tests */ = {
			isa = PBXNativeTarget;
			buildConfigurationList = 4726EC0828D957FD009FAB29 /* Build configuration list for PBXNativeTarget "UI-672Tests" */;
			buildPhases = (
				4726EBED28D957FD009FAB29 /* Sources */,
				4726EBEE28D957FD009FAB29 /* Frameworks */,
				4726EBEF28D957FD009FAB29 /* Resources */,
			);
			buildRules = (
			);
			dependencies = (
				4726EBF328D957FD009FAB29 /* PBXTargetDependency */,
			);
			name = "UI-672Tests";
			productName = "UI-672Tests";
			productReference = 4726EBF128D957FD009FAB29 /* UI-672Tests.xctest */;
			productType = "com.apple.product-type.bundle.unit-test";
		};
		4726EBFA28D957FD009FAB29 /* UI-672UITests */ = {
			isa = PBXNativeTarget;
			buildConfigurationList = 4726EC0B28D957FD009FAB29 /* Build configuration list for PBXNativeTarget "UI-672UITests" */;
			buildPhases = (
				4726EBF728D957FD009FAB29 /* Sources */,
				4726EBF828D957FD009FAB29 /* Frameworks */,
				4726EBF928D957FD009FAB29 /* Resources */,
			);
			buildRules = (
			);
			dependencies = (
				4726EBFD28D957FD009FAB29 /* PBXTargetDependency */,
			);
			name = "UI-672UITests";
			productName = "UI-672UITests";
			productReference = 4726EBFB28D957FD009FAB29 /* UI-672UITests.xctest */;
			productType = "com.apple.product-type.bundle.ui-testing";
		};
/* End PBXNativeTarget section */

/* Begin PBXProject section */
		4726EBD928D957FC009FAB29 /* Project object */ = {
			isa = PBXProject;
			attributes = {
				BuildIndependentTargetsInParallel = 1;
				LastSwiftUpdateCheck = 1400;
				LastUpgradeCheck = 1400;
				TargetAttributes = {
					4726EBE028D957FC009FAB29 = {
						CreatedOnToolsVersion = 14.0.1;
					};
					4726EBF028D957FD009FAB29 = {
						CreatedOnToolsVersion = 14.0.1;
						TestTargetID = 4726EBE028D957FC009FAB29;
					};
					4726EBFA28D957FD009FAB29 = {
						CreatedOnToolsVersion = 14.0.1;
						TestTargetID = 4726EBE028D957FC009FAB29;
					};
				};
			};
			buildConfigurationList = 4726EBDC28D957FC009FAB29 /* Build configuration list for PBXProject "UI-672" */;
			compatibilityVersion = "Xcode 14.0";
			developmentRegion = en;
			hasScannedForEncodings = 0;
			knownRegions = (
				en,
				Base,
			);
			mainGroup = 4726EBD828D957FC009FAB29;
			productRefGroup = 4726EBE228D957FC009FAB29 /* Products */;
			projectDirPath = "";
			projectRoot = "";
			targets = (
				4726EBE028D957FC009FAB29 /* UI-672 */,
				4726EBF028D957FD009FAB29 /* UI-672Tests */,
				4726EBFA28D957FD009FAB29 /* UI-672UITests */,
			);
		};
/* End PBXProject section */

/* Begin PBXResourcesBuildPhase section */
		4726EBDF28D957FC009FAB29 /* Resources */ = {
			isa = PBXResourcesBuildPhase;
			buildActionMask = 2147483647;
			files = (
				4726EBEC28D957FC009FAB29 /* Preview Assets.xcassets in Resources */,
				4726EBE928D957FC009FAB29 /* Assets.xcassets in Resources */,
			);
			runOnlyForDeploymentPostprocessing = 0;
		};
		4726EBEF28D957FD009FAB29 /* Resources */ = {
			isa = PBXResourcesBuildPhase;
			buildActionMask = 2147483647;
			files = (
			);
			runOnlyForDeploymentPostprocessing = 0;
		};
		4726EBF928D957FD009FAB29 /* Resources */ = {
			isa = PBXResourcesBuildPhase;
			buildActionMask = 2147483647;
			files = (
			);
			runOnlyForDeploymentPostprocessing = 0;
		};
/* End PBXResourcesBuildPhase section */

/* Begin PBXSourcesBuildPhase section */
		4726EBDD28D957FC009FAB29 /* Sources */ = {
			isa = PBXSourcesBuildPhase;
			buildActionMask = 2147483647;
			files = (
				4726EBE728D957FC009FAB29 /* ContentView.swift in Sources */,
				4726EBE528D957FC009FAB29 /* UI_672App.swift in Sources */,
				4726EC1328D95843009FAB29 /* Home.swift in Sources */,
				4726EC1028D9581F009FAB29 /* CustomShape.swift in Sources */,
			);
			runOnlyForDeploymentPostprocessing = 0;
		};
		4726EBED28D957FD009FAB29 /* Sources */ = {
			isa = PBXSourcesBuildPhase;
			buildActionMask = 2147483647;
			files = (
				4726EBF628D957FD009FAB29 /* UI_672Tests.swift in Sources */,
			);
			runOnlyForDeploymentPostprocessing = 0;
		};
		4726EBF728D957FD009FAB29 /* Sources */ = {
			isa = PBXSourcesBuildPhase;
			buildActionMask = 2147483647;
			files = (
				4726EC0228D957FD009FAB29 /* UI_672UITestsLaunchTests.swift in Sources */,
				4726EC0028D957FD009FAB29 /* UI_672UITests.swift in Sources */,
			);
			runOnlyForDeploymentPostprocessing = 0;
		};
/* End PBXSourcesBuildPhase section */

/* Begin PBXTargetDependency section */
		4726EBF328D957FD009FAB29 /* PBXTargetDependency */ = {
			isa = PBXTargetDependency;
			target = 4726EBE028D957FC009FAB29 /* UI-672 */;
			targetProxy = 4726EBF228D957FD009FAB29 /* PBXContainerItemProxy */;
		};
		4726EBFD28D957FD009FAB29 /* PBXTargetDependency */ = {
			isa = PBXTargetDependency;
			target = 4726EBE028D957FC009FAB29 /* UI-672 */;
			targetProxy = 4726EBFC28D957FD009FAB29 /* PBXContainerItemProxy */;
		};
/* End PBXTargetDependency section */

/* Begin XCBuildConfiguration section */
		4726EC0328D957FD009FAB29 /* Debug */ = {
			isa = XCBuildConfiguration;
			buildSettings = {
				ALWAYS_SEARCH_USER_PATHS = NO;
				CLANG_ANALYZER_NONNULL = YES;
				CLANG_ANALYZER_NUMBER_OBJECT_CONVERSION = YES_AGGRESSIVE;
				CLANG_CXX_LANGUAGE_STANDARD = "gnu++20";
				CLANG_ENABLE_MODULES = YES;
				CLANG_ENABLE_OBJC_ARC = YES;
				CLANG_ENABLE_OBJC_WEAK = YES;
				CLANG_WARN_BLOCK_CAPTURE_AUTORELEASING = YES;
				CLANG_WARN_BOOL_CONVERSION = YES;
				CLANG_WARN_COMMA = YES;
				CLANG_WARN_CONSTANT_CONVERSION = YES;
				CLANG_WARN_DEPRECATED_OBJC_IMPLEMENTATIONS = YES;
				CLANG_WARN_DIRECT_OBJC_ISA_USAGE = YES_ERROR;
				CLANG_WARN_DOCUMENTATION_COMMENTS = YES;
				CLANG_WARN_EMPTY_BODY = YES;
				CLANG_WARN_ENUM_CONVERSION = YES;
				CLANG_WARN_INFINITE_RECURSION = YES;
				CLANG_WARN_INT_CONVERSION = YES;
				CLANG_WARN_NON_LITERAL_NULL_CONVERSION = YES;
				CLANG_WARN_OBJC_IMPLICIT_RETAIN_SELF = YES;
				CLANG_WARN_OBJC_LITERAL_CONVERSION = YES;
				CLANG_WARN_OBJC_ROOT_CLASS = YES_ERROR;
				CLANG_WARN_QUOTED_INCLUDE_IN_FRAMEWORK_HEADER = YES;
				CLANG_WARN_RANGE_LOOP_ANALYSIS = YES;
				CLANG_WARN_STRICT_PROTOTYPES = YES;
				CLANG_WARN_SUSPICIOUS_MOVE = YES;
				CLANG_WARN_UNGUARDED_AVAILABILITY = YES_AGGRESSIVE;
				CLANG_WARN_UNREACHABLE_CODE = YES;
				CLANG_WARN__DUPLICATE_METHOD_MATCH = YES;
				COPY_PHASE_STRIP = NO;
				DEBUG_INFORMATION_FORMAT = dwarf;
				ENABLE_STRICT_OBJC_MSGSEND = YES;
				ENABLE_TESTABILITY = YES;
				GCC_C_LANGUAGE_STANDARD = gnu11;
				GCC_DYNAMIC_NO_PIC = NO;
				GCC_NO_COMMON_BLOCKS = YES;
				GCC_OPTIMIZATION_LEVEL = 0;
				GCC_PREPROCESSOR_DEFINITIONS = (
					"DEBUG=1",
					"$(inherited)",
				);
				GCC_WARN_64_TO_32_BIT_CONVERSION = YES;
				GCC_WARN_ABOUT_RETURN_TYPE = YES_ERROR;
				GCC_WARN_UNDECLARED_SELECTOR = YES;
				GCC_WARN_UNINITIALIZED_AUTOS = YES_AGGRESSIVE;
				GCC_WARN_UNUSED_FUNCTION = YES;
				GCC_WARN_UNUSED_VARIABLE = YES;
				IPHONEOS_DEPLOYMENT_TARGET = 16.0;
				MTL_ENABLE_DEBUG_INFO = INCLUDE_SOURCE;
				MTL_FAST_MATH = YES;
				ONLY_ACTIVE_ARCH = YES;
				SDKROOT = iphoneos;
				SWIFT_ACTIVE_COMPILATION_CONDITIONS = DEBUG;
				SWIFT_OPTIMIZATION_LEVEL = "-Onone";
			};
			name = Debug;
		};
		4726EC0428D957FD009FAB29 /* Release */ = {
			isa = XCBuildConfiguration;
			buildSettings = {
				ALWAYS_SEARCH_USER_PATHS = NO;
				CLANG_ANALYZER_NONNULL = YES;
				CLANG_ANALYZER_NUMBER_OBJECT_CONVERSION = YES_AGGRESSIVE;
				CLANG_CXX_LANGUAGE_STANDARD = "gnu++20";
				CLANG_ENABLE_MODULES = YES;
				CLANG_ENABLE_OBJC_ARC = YES;
				CLANG_ENABLE_OBJC_WEAK = YES;
				CLANG_WARN_BLOCK_CAPTURE_AUTORELEASING = YES;
				CLANG_WARN_BOOL_CONVERSION = YES;
				CLANG_WARN_COMMA = YES;
				CLANG_WARN_CONSTANT_CONVERSION = YES;
				CLANG_WARN_DEPRECATED_OBJC_IMPLEMENTATIONS = YES;
				CLANG_WARN_DIRECT_OBJC_ISA_USAGE = YES_ERROR;
				CLANG_WARN_DOCUMENTATION_COMMENTS = YES;
				CLANG_WARN_EMPTY_BODY = YES;
				CLANG_WARN_ENUM_CONVERSION = YES;
				CLANG_WARN_INFINITE_RECURSION = YES;
				CLANG_WARN_INT_CONVERSION = YES;
				CLANG_WARN_NON_LITERAL_NULL_CONVERSION = YES;
				CLANG_WARN_OBJC_IMPLICIT_RETAIN_SELF = YES;
				CLANG_WARN_OBJC_LITERAL_CONVERSION = YES;
				CLANG_WARN_OBJC_ROOT_CLASS = YES_ERROR;
				CLANG_WARN_QUOTED_INCLUDE_IN_FRAMEWORK_HEADER = YES;
				CLANG_WARN_RANGE_LOOP_ANALYSIS = YES;
				CLANG_WARN_STRICT_PROTOTYPES = YES;
				CLANG_WARN_SUSPICIOUS_MOVE = YES;
				CLANG_WARN_UNGUARDED_AVAILABILITY = YES_AGGRESSIVE;
				CLANG_WARN_UNREACHABLE_CODE = YES;
				CLANG_WARN__DUPLICATE_METHOD_MATCH = YES;
				COPY_PHASE_STRIP = NO;
				DEBUG_INFORMATION_FORMAT = "dwarf-with-dsym";
				ENABLE_NS_ASSERTIONS = NO;
				ENABLE_STRICT_OBJC_MSGSEND = YES;
				GCC_C_LANGUAGE_STANDARD = gnu11;
				GCC_NO_COMMON_BLOCKS = YES;
				GCC_WARN_64_TO_32_BIT_CONVERSION = YES;
				GCC_WARN_ABOUT_RETURN_TYPE = YES_ERROR;
				GCC_WARN_UNDECLARED_SELECTOR = YES;
				GCC_WARN_UNINITIALIZED_AUTOS = YES_AGGRESSIVE;
				GCC_WARN_UNUSED_FUNCTION = YES;
				GCC_WARN_UNUSED_VARIABLE = YES;
				IPHONEOS_DEPLOYMENT_TARGET = 16.0;
				MTL_ENABLE_DEBUG_INFO = NO;
				MTL_FAST_MATH = YES;
				SDKROOT = iphoneos;
				SWIFT_COMPILATION_MODE = wholemodule;
				SWIFT_OPTIMIZATION_LEVEL = "-O";
				VALIDATE_PRODUCT = YES;
			};
			name = Release;
		};
		4726EC0628D957FD009FAB29 /* Debug */ = {
			isa = XCBuildConfiguration;
			buildSettings = {
				ASSETCATALOG_COMPILER_APPICON_NAME = AppIcon;
				ASSETCATALOG_COMPILER_GLOBAL_ACCENT_COLOR_NAME = AccentColor;
				CODE_SIGN_STYLE = Automatic;
				CURRENT_PROJECT_VERSION = 1;
				DEVELOPMENT_ASSET_PATHS = "\"UI-672/Preview Content\"";
				DEVELOPMENT_TEAM = 8CL4U468K5;
				ENABLE_PREVIEWS = YES;
				GENERATE_INFOPLIST_FILE = YES;
				INFOPLIST_KEY_UIApplicationSceneManifest_Generation = YES;
				INFOPLIST_KEY_UIApplicationSupportsIndirectInputEvents = YES;
				INFOPLIST_KEY_UILaunchScreen_Generation = YES;
				INFOPLIST_KEY_UISupportedInterfaceOrientations_iPad = "UIInterfaceOrientationPortrait UIInterfaceOrientationPortraitUpsideDown UIInterfaceOrientationLandscapeLeft UIInterfaceOrientationLandscapeRight";
				INFOPLIST_KEY_UISupportedInterfaceOrientations_iPhone = "UIInterfaceOrientationPortrait UIInterfaceOrientationLandscapeLeft UIInterfaceOrientationLandscapeRight";
				LD_RUNPATH_SEARCH_PATHS = (
					"$(inherited)",
					"@executable_path/Frameworks",
				);
				MARKETING_VERSION = 1.0;
				PRODUCT_BUNDLE_IDENTIFIER = "com.585.UI-672";
				PRODUCT_NAME = "$(TARGET_NAME)";
				SWIFT_EMIT_LOC_STRINGS = YES;
				SWIFT_VERSION = 5.0;
				TARGETED_DEVICE_FAMILY = "1,2";
			};
			name = Debug;
		};
		4726EC0728D957FD009FAB29 /* Release */ = {
			isa = XCBuildConfiguration;
			buildSettings = {
				ASSETCATALOG_COMPILER_APPICON_NAME = AppIcon;
				ASSETCATALOG_COMPILER_GLOBAL_ACCENT_COLOR_NAME = AccentColor;
				CODE_SIGN_STYLE = Automatic;
				CURRENT_PROJECT_VERSION = 1;
				DEVELOPMENT_ASSET_PATHS = "\"UI-672/Preview Content\"";
				DEVELOPMENT_TEAM = 8CL4U468K5;
				ENABLE_PREVIEWS = YES;
				GENERATE_INFOPLIST_FILE = YES;
				INFOPLIST_KEY_UIApplicationSceneManifest_Generation = YES;
				INFOPLIST_KEY_UIApplicationSupportsIndirectInputEvents = YES;
				INFOPLIST_KEY_UILaunchScreen_Generation = YES;
				INFOPLIST_KEY_UISupportedInterfaceOrientations_iPad = "UIInterfaceOrientationPortrait UIInterfaceOrientationPortraitUpsideDown UIInterfaceOrientationLandscapeLeft UIInterfaceOrientationLandscapeRight";
				INFOPLIST_KEY_UISupportedInterfaceOrientations_iPhone = "UIInterfaceOrientationPortrait UIInterfaceOrientationLandscapeLeft UIInterfaceOrientationLandscapeRight";
				LD_RUNPATH_SEARCH_PATHS = (
					"$(inherited)",
					"@executable_path/Frameworks",
				);
				MARKETING_VERSION = 1.0;
				PRODUCT_BUNDLE_IDENTIFIER = "com.585.UI-672";
				PRODUCT_NAME = "$(TARGET_NAME)";
				SWIFT_EMIT_LOC_STRINGS = YES;
				SWIFT_VERSION = 5.0;
				TARGETED_DEVICE_FAMILY = "1,2";
			};
			name = Release;
		};
		4726EC0928D957FD009FAB29 /* Debug */ = {
			isa = XCBuildConfiguration;
			buildSettings = {
				ALWAYS_EMBED_SWIFT_STANDARD_LIBRARIES = YES;
				BUNDLE_LOADER = "$(TEST_HOST)";
				CODE_SIGN_STYLE = Automatic;
				CURRENT_PROJECT_VERSION = 1;
				DEVELOPMENT_TEAM = 8CL4U468K5;
				GENERATE_INFOPLIST_FILE = YES;
				IPHONEOS_DEPLOYMENT_TARGET = 16.0;
				MARKETING_VERSION = 1.0;
				PRODUCT_BUNDLE_IDENTIFIER = "com.585.UI-672Tests";
				PRODUCT_NAME = "$(TARGET_NAME)";
				SWIFT_EMIT_LOC_STRINGS = NO;
				SWIFT_VERSION = 5.0;
				TARGETED_DEVICE_FAMILY = "1,2";
				TEST_HOST = "$(BUILT_PRODUCTS_DIR)/UI-672.app/$(BUNDLE_EXECUTABLE_FOLDER_PATH)/UI-672";
			};
			name = Debug;
		};
		4726EC0A28D957FD009FAB29 /* Release */ = {
			isa = XCBuildConfiguration;
			buildSettings = {
				ALWAYS_EMBED_SWIFT_STANDARD_LIBRARIES = YES;
				BUNDLE_LOADER = "$(TEST_HOST)";
				CODE_SIGN_STYLE = Automatic;
				CURRENT_PROJECT_VERSION = 1;
				DEVELOPMENT_TEAM = 8CL4U468K5;
				GENERATE_INFOPLIST_FILE = YES;
				IPHONEOS_DEPLOYMENT_TARGET = 16.0;
				MARKETING_VERSION = 1.0;
				PRODUCT_BUNDLE_IDENTIFIER = "com.585.UI-672Tests";
				PRODUCT_NAME = "$(TARGET_NAME)";
				SWIFT_EMIT_LOC_STRINGS = NO;
				SWIFT_VERSION = 5.0;
				TARGETED_DEVICE_FAMILY = "1,2";
				TEST_HOST = "$(BUILT_PRODUCTS_DIR)/UI-672.app/$(BUNDLE_EXECUTABLE_FOLDER_PATH)/UI-672";
			};
			name = Release;
		};
		4726EC0C28D957FD009FAB29 /* Debug */ = {
			isa = XCBuildConfiguration;
			buildSettings = {
				ALWAYS_EMBED_SWIFT_STANDARD_LIBRARIES = YES;
				CODE_SIGN_STYLE = Automatic;
				CURRENT_PROJECT_VERSION = 1;
				DEVELOPMENT_TEAM = 8CL4U468K5;
				GENERATE_INFOPLIST_FILE = YES;
				MARKETING_VERSION = 1.0;
				PRODUCT_BUNDLE_IDENTIFIER = "com.585.UI-672UITests";
				PRODUCT_NAME = "$(TARGET_NAME)";
				SWIFT_EMIT_LOC_STRINGS = NO;
				SWIFT_VERSION = 5.0;
				TARGETED_DEVICE_FAMILY = "1,2";
				TEST_TARGET_NAME = "UI-672";
			};
			name = Debug;
		};
		4726EC0D28D957FD009FAB29 /* Release */ = {
			isa = XCBuildConfiguration;
			buildSettings = {
				ALWAYS_EMBED_SWIFT_STANDARD_LIBRARIES = YES;
				CODE_SIGN_STYLE = Automatic;
				CURRENT_PROJECT_VERSION = 1;
				DEVELOPMENT_TEAM = 8CL4U468K5;
				GENERATE_INFOPLIST_FILE = YES;
				MARKETING_VERSION = 1.0;
				PRODUCT_BUNDLE_IDENTIFIER = "com.585.UI-672UITests";
				PRODUCT_NAME = "$(TARGET_NAME)";
				SWIFT_EMIT_LOC_STRINGS = NO;
				SWIFT_VERSION = 5.0;
				TARGETED_DEVICE_FAMILY = "1,2";
				TEST_TARGET_NAME = "UI-672";
			};
			name = Release;
		};
/* End XCBuildConfiguration section */

/* Begin XCConfigurationList section */
		4726EBDC28D957FC009FAB29 /* Build configuration list for PBXProject "UI-672" */ = {
			isa = XCConfigurationList;
			buildConfigurations = (
				4726EC0328D957FD009FAB29 /* Debug */,
				4726EC0428D957FD009FAB29 /* Release */,
			);
			defaultConfigurationIsVisible = 0;
			defaultConfigurationName = Release;
		};
		4726EC0528D957FD009FAB29 /* Build configuration list for PBXNativeTarget "UI-672" */ = {
			isa = XCConfigurationList;
			buildConfigurations = (
				4726EC0628D957FD009FAB29 /* Debug */,
				4726EC0728D957FD009FAB29 /* Release */,
			);
			defaultConfigurationIsVisible = 0;
			defaultConfigurationName = Release;
		};
		4726EC0828D957FD009FAB29 /* Build configuration list for PBXNativeTarget "UI-672Tests" */ = {
			isa = XCConfigurationList;
			buildConfigurations = (
				4726EC0928D957FD009FAB29 /* Debug */,
				4726EC0A28D957FD009FAB29 /* Release */,
			);
			defaultConfigurationIsVisible = 0;
			defaultConfigurationName = Release;
		};
		4726EC0B28D957FD009FAB29 /* Build configuration list for PBXNativeTarget "UI-672UITests" */ = {
			isa = XCConfigurationList;
			buildConfigurations = (
				4726EC0C28D957FD009FAB29 /* Debug */,
				4726EC0D28D957FD009FAB29 /* Release */,
			);
			defaultConfigurationIsVisible = 0;
			defaultConfigurationName = Release;
		};
/* End XCConfigurationList section */
	};
	rootObject = 4726EBD928D957FC009FAB29 /* Project object */;
}
